// !$*UTF8*$!
{
	archiveVersion = 1;
	classes = {
	};
	objectVersion = 46;
	objects = {

/* Begin PBXBuildFile section */
		2273229F1EB23D180057DC11 /* AppDelegate.swift in Sources */ = {isa = PBXBuildFile; fileRef = 2273229E1EB23D180057DC11 /* AppDelegate.swift */; };
		227322A41EB23D180057DC11 /* Main.storyboard in Resources */ = {isa = PBXBuildFile; fileRef = 227322A21EB23D180057DC11 /* Main.storyboard */; };
		227322A61EB23D190057DC11 /* Assets.xcassets in Resources */ = {isa = PBXBuildFile; fileRef = 227322A51EB23D190057DC11 /* Assets.xcassets */; };
		227322A91EB23D190057DC11 /* LaunchScreen.storyboard in Resources */ = {isa = PBXBuildFile; fileRef = 227322A71EB23D190057DC11 /* LaunchScreen.storyboard */; };
		22BC3ABD1EB266F6005992D8 /* Employee.swift in Sources */ = {isa = PBXBuildFile; fileRef = 22BC3ABC1EB266F6005992D8 /* Employee.swift */; };
		22BC3ABF1EB268A3005992D8 /* DetailViewController.swift in Sources */ = {isa = PBXBuildFile; fileRef = 22BC3ABE1EB268A3005992D8 /* DetailViewController.swift */; };
		22BC3AC11EB268D3005992D8 /* Search View Controller.swift in Sources */ = {isa = PBXBuildFile; fileRef = 22BC3AC01EB268D3005992D8 /* Search View Controller.swift */; };
		22BC3AC61EB2693F005992D8 /* ResultTableViewCell.swift in Sources */ = {isa = PBXBuildFile; fileRef = 22BC3AC41EB2693F005992D8 /* ResultTableViewCell.swift */; };
		22BC3AC71EB2693F005992D8 /* ResultTableViewCell.xib in Resources */ = {isa = PBXBuildFile; fileRef = 22BC3AC51EB2693F005992D8 /* ResultTableViewCell.xib */; };
		22BC3AC91EB26D59005992D8 /* Demo.swift in Sources */ = {isa = PBXBuildFile; fileRef = 22BC3AC81EB26D59005992D8 /* Demo.swift */; };
/* End PBXBuildFile section */

/* Begin PBXFileReference section */
		2273229B1EB23D180057DC11 /* NYU Directory.app */ = {isa = PBXFileReference; explicitFileType = wrapper.application; includeInIndex = 0; path = "NYU Directory.app"; sourceTree = BUILT_PRODUCTS_DIR; };
		2273229E1EB23D180057DC11 /* AppDelegate.swift */ = {isa = PBXFileReference; lastKnownFileType = sourcecode.swift; path = AppDelegate.swift; sourceTree = "<group>"; };
		227322A31EB23D180057DC11 /* Base */ = {isa = PBXFileReference; lastKnownFileType = file.storyboard; name = Base; path = Base.lproj/Main.storyboard; sourceTree = "<group>"; };
		227322A51EB23D190057DC11 /* Assets.xcassets */ = {isa = PBXFileReference; lastKnownFileType = folder.assetcatalog; path = Assets.xcassets; sourceTree = "<group>"; };
		227322A81EB23D190057DC11 /* Base */ = {isa = PBXFileReference; lastKnownFileType = file.storyboard; name = Base; path = Base.lproj/LaunchScreen.storyboard; sourceTree = "<group>"; };
		227322AA1EB23D190057DC11 /* Info.plist */ = {isa = PBXFileReference; lastKnownFileType = text.plist.xml; path = Info.plist; sourceTree = "<group>"; };
		22BC3ABC1EB266F6005992D8 /* Employee.swift */ = {isa = PBXFileReference; fileEncoding = 4; lastKnownFileType = sourcecode.swift; path = Employee.swift; sourceTree = "<group>"; };
		22BC3ABE1EB268A3005992D8 /* DetailViewController.swift */ = {isa = PBXFileReference; fileEncoding = 4; lastKnownFileType = sourcecode.swift; path = DetailViewController.swift; sourceTree = "<group>"; };
		22BC3AC01EB268D3005992D8 /* Search View Controller.swift */ = {isa = PBXFileReference; fileEncoding = 4; lastKnownFileType = sourcecode.swift; path = "Search View Controller.swift"; sourceTree = "<group>"; };
		22BC3AC41EB2693F005992D8 /* ResultTableViewCell.swift */ = {isa = PBXFileReference; fileEncoding = 4; lastKnownFileType = sourcecode.swift; name = ResultTableViewCell.swift; path = ../ResultTableViewCell.swift; sourceTree = "<group>"; };
		22BC3AC51EB2693F005992D8 /* ResultTableViewCell.xib */ = {isa = PBXFileReference; fileEncoding = 4; lastKnownFileType = file.xib; name = ResultTableViewCell.xib; path = ../ResultTableViewCell.xib; sourceTree = "<group>"; };
		22BC3AC81EB26D59005992D8 /* Demo.swift */ = {isa = PBXFileReference; fileEncoding = 4; lastKnownFileType = sourcecode.swift; path = Demo.swift; sourceTree = "<group>"; };
/* End PBXFileReference section */

/* Begin PBXFrameworksBuildPhase section */
		227322981EB23D180057DC11 /* Frameworks */ = {
			isa = PBXFrameworksBuildPhase;
			buildActionMask = 2147483647;
			files = (
			);
			runOnlyForDeploymentPostprocessing = 0;
		};
/* End PBXFrameworksBuildPhase section */

/* Begin PBXGroup section */
		227322921EB23D180057DC11 = {
			isa = PBXGroup;
			children = (
				2273229D1EB23D180057DC11 /* NYU Directory */,
				2273229C1EB23D180057DC11 /* Products */,
			);
			sourceTree = "<group>";
		};
		2273229C1EB23D180057DC11 /* Products */ = {
			isa = PBXGroup;
			children = (
				2273229B1EB23D180057DC11 /* NYU Directory.app */,
			);
			name = Products;
			sourceTree = "<group>";
		};
		2273229D1EB23D180057DC11 /* NYU Directory */ = {
			isa = PBXGroup;
			children = (
				22BC3AC41EB2693F005992D8 /* ResultTableViewCell.swift */,
				22BC3AC51EB2693F005992D8 /* ResultTableViewCell.xib */,
				2273229E1EB23D180057DC11 /* AppDelegate.swift */,
				22BC3AC81EB26D59005992D8 /* Demo.swift */,
				22BC3AC01EB268D3005992D8 /* Search View Controller.swift */,
				22BC3ABE1EB268A3005992D8 /* DetailViewController.swift */,
				22BC3ABC1EB266F6005992D8 /* Employee.swift */,
				227322A21EB23D180057DC11 /* Main.storyboard */,
				227322A51EB23D190057DC11 /* Assets.xcassets */,
				227322A71EB23D190057DC11 /* LaunchScreen.storyboard */,
				227322AA1EB23D190057DC11 /* Info.plist */,
			);
			path = "NYU Directory";
			sourceTree = "<group>";
		};
/* End PBXGroup section */

/* Begin PBXNativeTarget section */
		2273229A1EB23D180057DC11 /* NYU Directory */ = {
			isa = PBXNativeTarget;
			buildConfigurationList = 227322AD1EB23D190057DC11 /* Build configuration list for PBXNativeTarget "NYU Directory" */;
			buildPhases = (
				227322971EB23D180057DC11 /* Sources */,
				227322981EB23D180057DC11 /* Frameworks */,
				227322991EB23D180057DC11 /* Resources */,
			);
			buildRules = (
			);
			dependencies = (
			);
			name = "NYU Directory";
			productName = "NYU Directory";
			productReference = 2273229B1EB23D180057DC11 /* NYU Directory.app */;
			productType = "com.apple.product-type.application";
		};
/* End PBXNativeTarget section */

/* Begin PBXProject section */
		227322931EB23D180057DC11 /* Project object */ = {
			isa = PBXProject;
			attributes = {
				LastSwiftUpdateCheck = 0830;
				LastUpgradeCheck = 0830;
				ORGANIZATIONNAME = ITS;
				TargetAttributes = {
					2273229A1EB23D180057DC11 = {
						CreatedOnToolsVersion = 8.3.2;
						ProvisioningStyle = Automatic;
					};
				};
			};
			buildConfigurationList = 227322961EB23D180057DC11 /* Build configuration list for PBXProject "NYU Directory" */;
			compatibilityVersion = "Xcode 3.2";
			developmentRegion = English;
			hasScannedForEncodings = 0;
			knownRegions = (
				en,
				Base,
			);
			mainGroup = 227322921EB23D180057DC11;
			productRefGroup = 2273229C1EB23D180057DC11 /* Products */;
			projectDirPath = "";
			projectRoot = "";
			targets = (
				2273229A1EB23D180057DC11 /* NYU Directory */,
			);
		};
/* End PBXProject section */

/* Begin PBXResourcesBuildPhase section */
		227322991EB23D180057DC11 /* Resources */ = {
			isa = PBXResourcesBuildPhase;
			buildActionMask = 2147483647;
			files = (
				227322A91EB23D190057DC11 /* LaunchScreen.storyboard in Resources */,
				227322A61EB23D190057DC11 /* Assets.xcassets in Resources */,
				22BC3AC71EB2693F005992D8 /* ResultTableViewCell.xib in Resources */,
				227322A41EB23D180057DC11 /* Main.storyboard in Resources */,
			);
			runOnlyForDeploymentPostprocessing = 0;
		};
/* End PBXResourcesBuildPhase section */

/* Begin PBXSourcesBuildPhase section */
		227322971EB23D180057DC11 /* Sources */ = {
			isa = PBXSourcesBuildPhase;
			buildActionMask = 2147483647;
			files = (
				22BC3ABD1EB266F6005992D8 /* Employee.swift in Sources */,
				22BC3AC11EB268D3005992D8 /* Search View Controller.swift in Sources */,
				22BC3AC91EB26D59005992D8 /* Demo.swift in Sources */,
				2273229F1EB23D180057DC11 /* AppDelegate.swift in Sources */,
				22BC3AC61EB2693F005992D8 /* ResultTableViewCell.swift in Sources */,
				22BC3ABF1EB268A3005992D8 /* DetailViewController.swift in Sources */,
			);
			runOnlyForDeploymentPostprocessing = 0;
		};
/* End PBXSourcesBuildPhase section */

/* Begin PBXVariantGroup section */
		227322A21EB23D180057DC11 /* Main.storyboard */ = {
			isa = PBXVariantGroup;
			children = (
				227322A31EB23D180057DC11 /* Base */,
			);
			name = Main.storyboard;
			sourceTree = "<group>";
		};
		227322A71EB23D190057DC11 /* LaunchScreen.storyboard */ = {
			isa = PBXVariantGroup;
			children = (
				227322A81EB23D190057DC11 /* Base */,
			);
			name = LaunchScreen.storyboard;
			sourceTree = "<group>";
		};
/* End PBXVariantGroup section */

/* Begin XCBuildConfiguration section */
		227322AB1EB23D190057DC11 /* Debug */ = {
			isa = XCBuildConfiguration;
			buildSettings = {
				ALWAYS_SEARCH_USER_PATHS = NO;
				CLANG_ANALYZER_NONNULL = YES;
				CLANG_ANALYZER_NUMBER_OBJECT_CONVERSION = YES_AGGRESSIVE;
				CLANG_CXX_LANGUAGE_STANDARD = "gnu++0x";
				CLANG_CXX_LIBRARY = "libc++";
				CLANG_ENABLE_MODULES = YES;
				CLANG_ENABLE_OBJC_ARC = YES;
				CLANG_WARN_BOOL_CONVERSION = YES;
				CLANG_WARN_CONSTANT_CONVERSION = YES;
				CLANG_WARN_DIRECT_OBJC_ISA_USAGE = YES_ERROR;
				CLANG_WARN_DOCUMENTATION_COMMENTS = YES;
				CLANG_WARN_EMPTY_BODY = YES;
				CLANG_WARN_ENUM_CONVERSION = YES;
				CLANG_WARN_INFINITE_RECURSION = YES;
				CLANG_WARN_INT_CONVERSION = YES;
				CLANG_WARN_OBJC_ROOT_CLASS = YES_ERROR;
				CLANG_WARN_SUSPICIOUS_MOVE = YES;
				CLANG_WARN_UNREACHABLE_CODE = YES;
				CLANG_WARN__DUPLICATE_METHOD_MATCH = YES;
				"CODE_SIGN_IDENTITY[sdk=iphoneos*]" = "iPhone Developer";
				COPY_PHASE_STRIP = NO;
				DEBUG_INFORMATION_FORMAT = dwarf;
				ENABLE_STRICT_OBJC_MSGSEND = YES;
				ENABLE_TESTABILITY = YES;
				GCC_C_LANGUAGE_STANDARD = gnu99;
				GCC_DYNAMIC_NO_PIC = NO;
				GCC_NO_COMMON_BLOCKS = YES;
				GCC_OPTIMIZATION_LEVEL = 0;
				GCC_PREPROCESSOR_DEFINITIONS = (
					"DEBUG=1",
					"$(inherited)",
				);
				GCC_WARN_64_TO_32_BIT_CONVERSION = YES;
				GCC_WARN_ABOUT_RETURN_TYPE = YES_ERROR;
				GCC_WARN_UNDECLARED_SELECTOR = YES;
				GCC_WARN_UNINITIALIZED_AUTOS = YES_AGGRESSIVE;
				GCC_WARN_UNUSED_FUNCTION = YES;
				GCC_WARN_UNUSED_VARIABLE = YES;
				IPHONEOS_DEPLOYMENT_TARGET = 10.3;
				MTL_ENABLE_DEBUG_INFO = YES;
				ONLY_ACTIVE_ARCH = YES;
				SDKROOT = iphoneos;
				SWIFT_ACTIVE_COMPILATION_CONDITIONS = DEBUG;
				SWIFT_OPTIMIZATION_LEVEL = "-Onone";
			};
			name = Debug;
		};
		227322AC1EB23D190057DC11 /* Release */ = {
			isa = XCBuildConfiguration;
			buildSettings = {
				ALWAYS_SEARCH_USER_PATHS = NO;
				CLANG_ANALYZER_NONNULL = YES;
				CLANG_ANALYZER_NUMBER_OBJECT_CONVERSION = YES_AGGRESSIVE;
				CLANG_CXX_LANGUAGE_STANDARD = "gnu++0x";
				CLANG_CXX_LIBRARY = "libc++";
				CLANG_ENABLE_MODULES = YES;
				CLANG_ENABLE_OBJC_ARC = YES;
				CLANG_WARN_BOOL_CONVERSION = YES;
				CLANG_WARN_CONSTANT_CONVERSION = YES;
				CLANG_WARN_DIRECT_OBJC_ISA_USAGE = YES_ERROR;
				CLANG_WARN_DOCUMENTATION_COMMENTS = YES;
				CLANG_WARN_EMPTY_BODY = YES;
				CLANG_WARN_ENUM_CONVERSION = YES;
				CLANG_WARN_INFINITE_RECURSION = YES;
				CLANG_WARN_INT_CONVERSION = YES;
				CLANG_WARN_OBJC_ROOT_CLASS = YES_ERROR;
				CLANG_WARN_SUSPICIOUS_MOVE = YES;
				CLANG_WARN_UNREACHABLE_CODE = YES;
				CLANG_WARN__DUPLICATE_METHOD_MATCH = YES;
				"CODE_SIGN_IDENTITY[sdk=iphoneos*]" = "iPhone Developer";
				COPY_PHASE_STRIP = NO;
				DEBUG_INFORMATION_FORMAT = "dwarf-with-dsym";
				ENABLE_NS_ASSERTIONS = NO;
				ENABLE_STRICT_OBJC_MSGSEND = YES;
				GCC_C_LANGUAGE_STANDARD = gnu99;
				GCC_NO_COMMON_BLOCKS = YES;
				GCC_WARN_64_TO_32_BIT_CONVERSION = YES;
				GCC_WARN_ABOUT_RETURN_TYPE = YES_ERROR;
				GCC_WARN_UNDECLARED_SELECTOR = YES;
				GCC_WARN_UNINITIALIZED_AUTOS = YES_AGGRESSIVE;
				GCC_WARN_UNUSED_FUNCTION = YES;
				GCC_WARN_UNUSED_VARIABLE = YES;
				IPHONEOS_DEPLOYMENT_TARGET = 10.3;
				MTL_ENABLE_DEBUG_INFO = NO;
				SDKROOT = iphoneos;
				SWIFT_OPTIMIZATION_LEVEL = "-Owholemodule";
				VALIDATE_PRODUCT = YES;
			};
			name = Release;
		};
		227322AE1EB23D190057DC11 /* Debug */ = {
			isa = XCBuildConfiguration;
			buildSettings = {
				ASSETCATALOG_COMPILER_APPICON_NAME = AppIcon;
				INFOPLIST_FILE = "NYU Directory/Info.plist";
				LD_RUNPATH_SEARCH_PATHS = "$(inherited) @executable_path/Frameworks";
				PRODUCT_BUNDLE_IDENTIFIER = "com.NanaKumi.NYUDirectory.NYU-Directory";
				PRODUCT_NAME = "$(TARGET_NAME)";
				SWIFT_VERSION = 3.0;
			};
			name = Debug;
		};
		227322AF1EB23D190057DC11 /* Release */ = {
			isa = XCBuildConfiguration;
			buildSettings = {
				ASSETCATALOG_COMPILER_APPICON_NAME = AppIcon;
				INFOPLIST_FILE = "NYU Directory/Info.plist";
				LD_RUNPATH_SEARCH_PATHS = "$(inherited) @executable_path/Frameworks";
				PRODUCT_BUNDLE_IDENTIFIER = "com.NanaKumi.NYUDirectory.NYU-Directory";
				PRODUCT_NAME = "$(TARGET_NAME)";
				SWIFT_VERSION = 3.0;
			};
			name = Release;
		};
/* End XCBuildConfiguration section */

/* Begin XCConfigurationList section */
		227322961EB23D180057DC11 /* Build configuration list for PBXProject "NYU Directory" */ = {
			isa = XCConfigurationList;
			buildConfigurations = (
				227322AB1EB23D190057DC11 /* Debug */,
				227322AC1EB23D190057DC11 /* Release */,
			);
			defaultConfigurationIsVisible = 0;
			defaultConfigurationName = Release;
		};
		227322AD1EB23D190057DC11 /* Build configuration list for PBXNativeTarget "NYU Directory" */ = {
			isa = XCConfigurationList;
			buildConfigurations = (
				227322AE1EB23D190057DC11 /* Debug */,
				227322AF1EB23D190057DC11 /* Release */,
			);
			defaultConfigurationIsVisible = 0;
			defaultConfigurationName = Release;
		};
/* End XCConfigurationList section */
	};
	rootObject = 227322931EB23D180057DC11 /* Project object */;
}
